
Microsoft Visual Studio Solution File, Format Version 12.00
Project("{FAE04EC0-301F-11D3-BF4B-00C04F79EFBC}") = "TouristApp.Domain", "TouristApp.Domain\TouristApp.Domain.csproj", "{5E98C29A-33AF-45F8-9D39-9ED2B17E7407}"
EndProject
Project("{FAE04EC0-301F-11D3-BF4B-00C04F79EFBC}") = "TouristApp.Application", "TouristApp.Application\TouristApp.Application.csproj", "{38A24136-1F25-4369-804A-95C87B5F86E3}"
EndProject
Project("{FAE04EC0-301F-11D3-BF4B-00C04F79EFBC}") = "TouristApp.Persistance", "TouristApp.Persistance\TouristApp.Persistance.csproj", "{0B2C1498-8760-41B1-8256-D9EE78E9AF1E}"
EndProject
Project("{FAE04EC0-301F-11D3-BF4B-00C04F79EFBC}") = "TouristApp.Web", "TouristApp.Web\TouristApp.Web.csproj", "{D907A935-E559-45A6-9EE2-13D7BC4E51CB}"
EndProject
Global
	GlobalSection(SolutionConfigurationPlatforms) = preSolution
		Debug|Any CPU = Debug|Any CPU
		Release|Any CPU = Release|Any CPU
	EndGlobalSection
	GlobalSection(ProjectConfigurationPlatforms) = postSolution
		{5E98C29A-33AF-45F8-9D39-9ED2B17E7407}.Debug|Any CPU.ActiveCfg = Debug|Any CPU
		{5E98C29A-33AF-45F8-9D39-9ED2B17E7407}.Debug|Any CPU.Build.0 = Debug|Any CPU
		{5E98C29A-33AF-45F8-9D39-9ED2B17E7407}.Release|Any CPU.ActiveCfg = Release|Any CPU
		{5E98C29A-33AF-45F8-9D39-9ED2B17E7407}.Release|Any CPU.Build.0 = Release|Any CPU
		{38A24136-1F25-4369-804A-95C87B5F86E3}.Debug|Any CPU.ActiveCfg = Debug|Any CPU
		{38A24136-1F25-4369-804A-95C87B5F86E3}.Debug|Any CPU.Build.0 = Debug|Any CPU
		{38A24136-1F25-4369-804A-95C87B5F86E3}.Release|Any CPU.ActiveCfg = Release|Any CPU
		{38A24136-1F25-4369-804A-95C87B5F86E3}.Release|Any CPU.Build.0 = Release|Any CPU
		{0B2C1498-8760-41B1-8256-D9EE78E9AF1E}.Debug|Any CPU.ActiveCfg = Debug|Any CPU
		{0B2C1498-8760-41B1-8256-D9EE78E9AF1E}.Debug|Any CPU.Build.0 = Debug|Any CPU
		{0B2C1498-8760-41B1-8256-D9EE78E9AF1E}.Release|Any CPU.ActiveCfg = Release|Any CPU
		{0B2C1498-8760-41B1-8256-D9EE78E9AF1E}.Release|Any CPU.Build.0 = Release|Any CPU
		{D907A935-E559-45A6-9EE2-13D7BC4E51CB}.Debug|Any CPU.ActiveCfg = Debug|Any CPU
		{D907A935-E559-45A6-9EE2-13D7BC4E51CB}.Debug|Any CPU.Build.0 = Debug|Any CPU
		{D907A935-E559-45A6-9EE2-13D7BC4E51CB}.Release|Any CPU.ActiveCfg = Release|Any CPU
		{D907A935-E559-45A6-9EE2-13D7BC4E51CB}.Release|Any CPU.Build.0 = Release|Any CPU
	EndGlobalSection
EndGlobal
